
Microsoft Visual Studio Solution File, Format Version 12.00
# Visual Studio 15
VisualStudioVersion = 15.0.28307.106
MinimumVisualStudioVersion = 10.0.40219.1
Project("{FAE04EC0-301F-11D3-BF4B-00C04F79EFBC}") = "LVS_Lagerverwaltungssystem_PCUI", "LVS_Lagerverwaltungssystem_PCUI\LVS_Lagerverwaltungssystem_PCUI.csproj", "{0E58B58D-4146-4620-AA47-DEC8E5A5311A}"
EndProject
Global
	GlobalSection(SolutionConfigurationPlatforms) = preSolution
		Debug|Any CPU = Debug|Any CPU
		Release|Any CPU = Release|Any CPU
	EndGlobalSection
	GlobalSection(ProjectConfigurationPlatforms) = postSolution
		{0E58B58D-4146-4620-AA47-DEC8E5A5311A}.Debug|Any CPU.ActiveCfg = Debug|Any CPU
		{0E58B58D-4146-4620-AA47-DEC8E5A5311A}.Debug|Any CPU.Build.0 = Debug|Any CPU
		{0E58B58D-4146-4620-AA47-DEC8E5A5311A}.Release|Any CPU.ActiveCfg = Release|Any CPU
		{0E58B58D-4146-4620-AA47-DEC8E5A5311A}.Release|Any CPU.Build.0 = Release|Any CPU
	EndGlobalSection
	GlobalSection(SolutionProperties) = preSolution
		HideSolutionNode = FALSE
	EndGlobalSection
	GlobalSection(ExtensibilityGlobals) = postSolution
		SolutionGuid = {DC36D831-A284-4765-9B0A-6D154A98C061}
	EndGlobalSection
EndGlobal
