
Microsoft Visual Studio Solution File, Format Version 12.00
# Visual Studio 15
VisualStudioVersion = 15.0.28307.106
MinimumVisualStudioVersion = 10.0.40219.1
Project("{FAE04EC0-301F-11D3-BF4B-00C04F79EFBC}") = "LVS_PC-UI", "LVS_Lagerverwaltungssystem_PCUI\LVS_PC-UI.csproj", "{0E58B58D-4146-4620-AA47-DEC8E5A5311A}"
EndProject
Project("{FAE04EC0-301F-11D3-BF4B-00C04F79EFBC}") = "LVS_Library", "LVS_Library\LVS_Library.csproj", "{9C002ACD-1B96-4108-945D-0A634442DF44}"
EndProject
Project("{FAE04EC0-301F-11D3-BF4B-00C04F79EFBC}") = "LVS_Webtools", "LVS_Webtools\LVS_Webtools.csproj", "{A4078E5B-1BEE-402E-9B88-B3BDF4FF21B8}"
EndProject
Global
	GlobalSection(SolutionConfigurationPlatforms) = preSolution
		Debug|Any CPU = Debug|Any CPU
		Release|Any CPU = Release|Any CPU
	EndGlobalSection
	GlobalSection(ProjectConfigurationPlatforms) = postSolution
		{0E58B58D-4146-4620-AA47-DEC8E5A5311A}.Debug|Any CPU.ActiveCfg = Debug|Any CPU
		{0E58B58D-4146-4620-AA47-DEC8E5A5311A}.Debug|Any CPU.Build.0 = Debug|Any CPU
		{0E58B58D-4146-4620-AA47-DEC8E5A5311A}.Release|Any CPU.ActiveCfg = Release|Any CPU
		{0E58B58D-4146-4620-AA47-DEC8E5A5311A}.Release|Any CPU.Build.0 = Release|Any CPU
		{9C002ACD-1B96-4108-945D-0A634442DF44}.Debug|Any CPU.ActiveCfg = Debug|Any CPU
		{9C002ACD-1B96-4108-945D-0A634442DF44}.Debug|Any CPU.Build.0 = Debug|Any CPU
		{9C002ACD-1B96-4108-945D-0A634442DF44}.Release|Any CPU.ActiveCfg = Release|Any CPU
		{9C002ACD-1B96-4108-945D-0A634442DF44}.Release|Any CPU.Build.0 = Release|Any CPU
		{A4078E5B-1BEE-402E-9B88-B3BDF4FF21B8}.Debug|Any CPU.ActiveCfg = Debug|Any CPU
		{A4078E5B-1BEE-402E-9B88-B3BDF4FF21B8}.Debug|Any CPU.Build.0 = Debug|Any CPU
		{A4078E5B-1BEE-402E-9B88-B3BDF4FF21B8}.Release|Any CPU.ActiveCfg = Release|Any CPU
		{A4078E5B-1BEE-402E-9B88-B3BDF4FF21B8}.Release|Any CPU.Build.0 = Release|Any CPU
	EndGlobalSection
	GlobalSection(SolutionProperties) = preSolution
		HideSolutionNode = FALSE
	EndGlobalSection
	GlobalSection(ExtensibilityGlobals) = postSolution
		SolutionGuid = {DC36D831-A284-4765-9B0A-6D154A98C061}
	EndGlobalSection
EndGlobal
